
Microsoft Visual Studio Solution File, Format Version 12.00
# Visual Studio 15
VisualStudioVersion = 15.0.28307.489
MinimumVisualStudioVersion = 10.0.40219.1
Project("{FAE04EC0-301F-11D3-BF4B-00C04F79EFBC}") = "ServerRestarter_Discord", "ServerRestarter_Discord\ServerRestarter_Discord.csproj", "{0F070CD5-5AEC-4D60-AD7C-EBD263066207}"
EndProject
Global
	GlobalSection(SolutionConfigurationPlatforms) = preSolution
		Debug|Any CPU = Debug|Any CPU
		Release|Any CPU = Release|Any CPU
	EndGlobalSection
	GlobalSection(ProjectConfigurationPlatforms) = postSolution
		{0F070CD5-5AEC-4D60-AD7C-EBD263066207}.Debug|Any CPU.ActiveCfg = Debug|Any CPU
		{0F070CD5-5AEC-4D60-AD7C-EBD263066207}.Debug|Any CPU.Build.0 = Debug|Any CPU
		{0F070CD5-5AEC-4D60-AD7C-EBD263066207}.Release|Any CPU.ActiveCfg = Release|Any CPU
		{0F070CD5-5AEC-4D60-AD7C-EBD263066207}.Release|Any CPU.Build.0 = Release|Any CPU
	EndGlobalSection
	GlobalSection(SolutionProperties) = preSolution
		HideSolutionNode = FALSE
	EndGlobalSection
	GlobalSection(ExtensibilityGlobals) = postSolution
		SolutionGuid = {CC532FAA-AD40-453F-BAC9-AD10C47843F8}
	EndGlobalSection
EndGlobal
